
Microsoft Visual Studio Solution File, Format Version 12.00
# Visual Studio Version 16
VisualStudioVersion = 16.0.30204.135
MinimumVisualStudioVersion = 10.0.40219.1
Project("{FAE04EC0-301F-11D3-BF4B-00C04F79EFBC}") = "SSTC_Solver", "SSTC_Solver\SSTC_Solver.csproj", "{7661A74F-E8BB-4C92-9318-73F01480B9B2}"
EndProject
Project("{9A19103F-16F7-4668-BE54-9A1E7A4F7556}") = "SSTC_Solver_CommonInterfaces", "..\SSTC_Solver_CommonInterfaces\SSTC_Solver_CommonInterfaces.csproj", "{BF92B46F-E9E1-4FA2-BB6E-2BAF03559232}"
EndProject
Project("{FAE04EC0-301F-11D3-BF4B-00C04F79EFBC}") = "SSTC_SolverTest", "..\SSTC_SolverTest\SSTC_SolverTest.csproj", "{62F3448A-7C67-40EC-860B-9041CD9650E5}"
EndProject
Global
	GlobalSection(SolutionConfigurationPlatforms) = preSolution
		Debug|Any CPU = Debug|Any CPU
		Release|Any CPU = Release|Any CPU
	EndGlobalSection
	GlobalSection(ProjectConfigurationPlatforms) = postSolution
		{7661A74F-E8BB-4C92-9318-73F01480B9B2}.Debug|Any CPU.ActiveCfg = Debug|Any CPU
		{7661A74F-E8BB-4C92-9318-73F01480B9B2}.Debug|Any CPU.Build.0 = Debug|Any CPU
		{7661A74F-E8BB-4C92-9318-73F01480B9B2}.Release|Any CPU.ActiveCfg = Release|Any CPU
		{7661A74F-E8BB-4C92-9318-73F01480B9B2}.Release|Any CPU.Build.0 = Release|Any CPU
		{BF92B46F-E9E1-4FA2-BB6E-2BAF03559232}.Debug|Any CPU.ActiveCfg = Debug|Any CPU
		{BF92B46F-E9E1-4FA2-BB6E-2BAF03559232}.Debug|Any CPU.Build.0 = Debug|Any CPU
		{BF92B46F-E9E1-4FA2-BB6E-2BAF03559232}.Release|Any CPU.ActiveCfg = Release|Any CPU
		{BF92B46F-E9E1-4FA2-BB6E-2BAF03559232}.Release|Any CPU.Build.0 = Release|Any CPU
		{62F3448A-7C67-40EC-860B-9041CD9650E5}.Debug|Any CPU.ActiveCfg = Debug|Any CPU
		{62F3448A-7C67-40EC-860B-9041CD9650E5}.Debug|Any CPU.Build.0 = Debug|Any CPU
		{62F3448A-7C67-40EC-860B-9041CD9650E5}.Release|Any CPU.ActiveCfg = Release|Any CPU
		{62F3448A-7C67-40EC-860B-9041CD9650E5}.Release|Any CPU.Build.0 = Release|Any CPU
	EndGlobalSection
	GlobalSection(SolutionProperties) = preSolution
		HideSolutionNode = FALSE
	EndGlobalSection
	GlobalSection(ExtensibilityGlobals) = postSolution
		SolutionGuid = {BE4DA65F-5D32-4B12-AE4A-99F6B670336D}
	EndGlobalSection
EndGlobal
